
Microsoft Visual Studio Solution File, Format Version 12.00
# Visual Studio Version 16
VisualStudioVersion = 16.0.31729.503
MinimumVisualStudioVersion = 10.0.40219.1
Project("{FAE04EC0-301F-11D3-BF4B-00C04F79EFBC}") = "APIGatewayPandC", "APIGatewayPandC\APIGatewayPandC.csproj", "{9AEA2107-27A0-4AF3-8BFE-8D93FB3665B0}"
EndProject
Project("{FAE04EC0-301F-11D3-BF4B-00C04F79EFBC}") = "CustomerAPIservice", "CustomerAPIservice\CustomerAPIservice.csproj", "{1952F732-9213-4D1A-8FFB-36115BCCDAAD}"
EndProject
Project("{FAE04EC0-301F-11D3-BF4B-00C04F79EFBC}") = "ProductAPIservice", "ProductAPIservice\ProductAPIservice.csproj", "{6ECD4A87-B2A0-40D5-B322-0BCC3E419ABD}"
EndProject
Global
	GlobalSection(SolutionConfigurationPlatforms) = preSolution
		Debug|Any CPU = Debug|Any CPU
		Release|Any CPU = Release|Any CPU
	EndGlobalSection
	GlobalSection(ProjectConfigurationPlatforms) = postSolution
		{9AEA2107-27A0-4AF3-8BFE-8D93FB3665B0}.Debug|Any CPU.ActiveCfg = Debug|Any CPU
		{9AEA2107-27A0-4AF3-8BFE-8D93FB3665B0}.Debug|Any CPU.Build.0 = Debug|Any CPU
		{9AEA2107-27A0-4AF3-8BFE-8D93FB3665B0}.Release|Any CPU.ActiveCfg = Release|Any CPU
		{9AEA2107-27A0-4AF3-8BFE-8D93FB3665B0}.Release|Any CPU.Build.0 = Release|Any CPU
		{1952F732-9213-4D1A-8FFB-36115BCCDAAD}.Debug|Any CPU.ActiveCfg = Debug|Any CPU
		{1952F732-9213-4D1A-8FFB-36115BCCDAAD}.Debug|Any CPU.Build.0 = Debug|Any CPU
		{1952F732-9213-4D1A-8FFB-36115BCCDAAD}.Release|Any CPU.ActiveCfg = Release|Any CPU
		{1952F732-9213-4D1A-8FFB-36115BCCDAAD}.Release|Any CPU.Build.0 = Release|Any CPU
		{6ECD4A87-B2A0-40D5-B322-0BCC3E419ABD}.Debug|Any CPU.ActiveCfg = Debug|Any CPU
		{6ECD4A87-B2A0-40D5-B322-0BCC3E419ABD}.Debug|Any CPU.Build.0 = Debug|Any CPU
		{6ECD4A87-B2A0-40D5-B322-0BCC3E419ABD}.Release|Any CPU.ActiveCfg = Release|Any CPU
		{6ECD4A87-B2A0-40D5-B322-0BCC3E419ABD}.Release|Any CPU.Build.0 = Release|Any CPU
	EndGlobalSection
	GlobalSection(SolutionProperties) = preSolution
		HideSolutionNode = FALSE
	EndGlobalSection
	GlobalSection(ExtensibilityGlobals) = postSolution
		SolutionGuid = {A13DB457-18CC-4A46-AB19-D2E246063B66}
	EndGlobalSection
EndGlobal
